
Microsoft Visual Studio Solution File, Format Version 12.00
# Visual Studio Version 17
VisualStudioVersion = 17.11.35222.181
MinimumVisualStudioVersion = 10.0.40219.1
Project("{FAE04EC0-301F-11D3-BF4B-00C04F79EFBC}") = "CleanArchitecture.Domain", "CleanArchitecture.Domain\CleanArchitecture.Domain.csproj", "{32CDBE84-1C21-4B0A-8C0E-9B81E5F0DC41}"
EndProject
Project("{2150E333-8FDC-42A3-9474-1A3956D46DE8}") = "src", "src", "{BC2E8342-D6DC-47AD-BDEC-E4CA5274C57B}"
EndProject
Project("{FAE04EC0-301F-11D3-BF4B-00C04F79EFBC}") = "CleanArchitecture.Application", "CleanArchitecture.Application\CleanArchitecture.Application.csproj", "{D77FF846-944A-4A37-A7A8-018D4BB34535}"
EndProject
Project("{FAE04EC0-301F-11D3-BF4B-00C04F79EFBC}") = "CleanArchitecture.Infrastructure", "CleanArchitecture.Infrastructure\CleanArchitecture.Infrastructure.csproj", "{C3857C8D-B0A8-4F2E-B329-635FE3873C27}"
EndProject
Project("{FAE04EC0-301F-11D3-BF4B-00C04F79EFBC}") = "CleanArchitecture.WebUI.Server", "CleanArchitecture.WebUI.Server\CleanArchitecture.WebUI.Server.csproj", "{6FE3D884-F76E-4E34-BB5D-962AE26DF715}"
EndProject
Global
	GlobalSection(SolutionConfigurationPlatforms) = preSolution
		Debug|Any CPU = Debug|Any CPU
		Release|Any CPU = Release|Any CPU
	EndGlobalSection
	GlobalSection(ProjectConfigurationPlatforms) = postSolution
		{32CDBE84-1C21-4B0A-8C0E-9B81E5F0DC41}.Debug|Any CPU.ActiveCfg = Debug|Any CPU
		{32CDBE84-1C21-4B0A-8C0E-9B81E5F0DC41}.Debug|Any CPU.Build.0 = Debug|Any CPU
		{32CDBE84-1C21-4B0A-8C0E-9B81E5F0DC41}.Release|Any CPU.ActiveCfg = Release|Any CPU
		{32CDBE84-1C21-4B0A-8C0E-9B81E5F0DC41}.Release|Any CPU.Build.0 = Release|Any CPU
		{D77FF846-944A-4A37-A7A8-018D4BB34535}.Debug|Any CPU.ActiveCfg = Debug|Any CPU
		{D77FF846-944A-4A37-A7A8-018D4BB34535}.Debug|Any CPU.Build.0 = Debug|Any CPU
		{D77FF846-944A-4A37-A7A8-018D4BB34535}.Release|Any CPU.ActiveCfg = Release|Any CPU
		{D77FF846-944A-4A37-A7A8-018D4BB34535}.Release|Any CPU.Build.0 = Release|Any CPU
		{C3857C8D-B0A8-4F2E-B329-635FE3873C27}.Debug|Any CPU.ActiveCfg = Debug|Any CPU
		{C3857C8D-B0A8-4F2E-B329-635FE3873C27}.Debug|Any CPU.Build.0 = Debug|Any CPU
		{C3857C8D-B0A8-4F2E-B329-635FE3873C27}.Release|Any CPU.ActiveCfg = Release|Any CPU
		{C3857C8D-B0A8-4F2E-B329-635FE3873C27}.Release|Any CPU.Build.0 = Release|Any CPU
		{6FE3D884-F76E-4E34-BB5D-962AE26DF715}.Debug|Any CPU.ActiveCfg = Debug|Any CPU
		{6FE3D884-F76E-4E34-BB5D-962AE26DF715}.Debug|Any CPU.Build.0 = Debug|Any CPU
		{6FE3D884-F76E-4E34-BB5D-962AE26DF715}.Release|Any CPU.ActiveCfg = Release|Any CPU
		{6FE3D884-F76E-4E34-BB5D-962AE26DF715}.Release|Any CPU.Build.0 = Release|Any CPU
	EndGlobalSection
	GlobalSection(SolutionProperties) = preSolution
		HideSolutionNode = FALSE
	EndGlobalSection
	GlobalSection(NestedProjects) = preSolution
		{32CDBE84-1C21-4B0A-8C0E-9B81E5F0DC41} = {BC2E8342-D6DC-47AD-BDEC-E4CA5274C57B}
		{D77FF846-944A-4A37-A7A8-018D4BB34535} = {BC2E8342-D6DC-47AD-BDEC-E4CA5274C57B}
		{C3857C8D-B0A8-4F2E-B329-635FE3873C27} = {BC2E8342-D6DC-47AD-BDEC-E4CA5274C57B}
		{6FE3D884-F76E-4E34-BB5D-962AE26DF715} = {BC2E8342-D6DC-47AD-BDEC-E4CA5274C57B}
	EndGlobalSection
	GlobalSection(ExtensibilityGlobals) = postSolution
		SolutionGuid = {0D8CC6A5-B27E-421C-9492-375A6B7DADA9}
	EndGlobalSection
EndGlobal
