
Microsoft Visual Studio Solution File, Format Version 12.00
# Visual Studio Version 17
VisualStudioVersion = 17.13.35931.197 d17.13
MinimumVisualStudioVersion = 10.0.40219.1
Project("{FAE04EC0-301F-11D3-BF4B-00C04F79EFBC}") = "Blazor2", "Blazor2.csproj", "{2FD1700F-AA3F-4551-9D36-12132FCCBE6D}"
EndProject
Global
	GlobalSection(SolutionConfigurationPlatforms) = preSolution
		Debug|Any CPU = Debug|Any CPU
		Release|Any CPU = Release|Any CPU
	EndGlobalSection
	GlobalSection(ProjectConfigurationPlatforms) = postSolution
		{2FD1700F-AA3F-4551-9D36-12132FCCBE6D}.Debug|Any CPU.ActiveCfg = Debug|Any CPU
		{2FD1700F-AA3F-4551-9D36-12132FCCBE6D}.Debug|Any CPU.Build.0 = Debug|Any CPU
		{2FD1700F-AA3F-4551-9D36-12132FCCBE6D}.Release|Any CPU.ActiveCfg = Release|Any CPU
		{2FD1700F-AA3F-4551-9D36-12132FCCBE6D}.Release|Any CPU.Build.0 = Release|Any CPU
	EndGlobalSection
	GlobalSection(SolutionProperties) = preSolution
		HideSolutionNode = FALSE
	EndGlobalSection
	GlobalSection(ExtensibilityGlobals) = postSolution
		SolutionGuid = {7E1434C5-2C27-4BE8-8F82-708393F2CCAC}
	EndGlobalSection
EndGlobal
