
Microsoft Visual Studio Solution File, Format Version 12.00
# Visual Studio Version 17
VisualStudioVersion = 17.11.35222.181
MinimumVisualStudioVersion = 10.0.40219.1
Project("{FAE04EC0-301F-11D3-BF4B-00C04F79EFBC}") = "WPFAndMVVM1", "WPFAndMVVM1.csproj", "{311D760B-7239-45D5-9600-F7F3F3939988}"
EndProject
Global
	GlobalSection(SolutionConfigurationPlatforms) = preSolution
		Debug|Any CPU = Debug|Any CPU
		Release|Any CPU = Release|Any CPU
	EndGlobalSection
	GlobalSection(ProjectConfigurationPlatforms) = postSolution
		{311D760B-7239-45D5-9600-F7F3F3939988}.Debug|Any CPU.ActiveCfg = Debug|Any CPU
		{311D760B-7239-45D5-9600-F7F3F3939988}.Debug|Any CPU.Build.0 = Debug|Any CPU
		{311D760B-7239-45D5-9600-F7F3F3939988}.Release|Any CPU.ActiveCfg = Release|Any CPU
		{311D760B-7239-45D5-9600-F7F3F3939988}.Release|Any CPU.Build.0 = Release|Any CPU
	EndGlobalSection
	GlobalSection(SolutionProperties) = preSolution
		HideSolutionNode = FALSE
	EndGlobalSection
	GlobalSection(ExtensibilityGlobals) = postSolution
		SolutionGuid = {493BE0AA-597D-413D-BB3F-44152580EC0C}
	EndGlobalSection
EndGlobal
