
Microsoft Visual Studio Solution File, Format Version 12.00
# Visual Studio Version 17
VisualStudioVersion = 17.11.35222.181
MinimumVisualStudioVersion = 10.0.40219.1
Project("{FAE04EC0-301F-11D3-BF4B-00C04F79EFBC}") = "Pr11_Blazor3", "Pr11_Blazor3.csproj", "{27E847F8-751B-4335-A9CB-962CC23916EC}"
EndProject
Global
	GlobalSection(SolutionConfigurationPlatforms) = preSolution
		Debug|Any CPU = Debug|Any CPU
		Release|Any CPU = Release|Any CPU
	EndGlobalSection
	GlobalSection(ProjectConfigurationPlatforms) = postSolution
		{27E847F8-751B-4335-A9CB-962CC23916EC}.Debug|Any CPU.ActiveCfg = Debug|Any CPU
		{27E847F8-751B-4335-A9CB-962CC23916EC}.Debug|Any CPU.Build.0 = Debug|Any CPU
		{27E847F8-751B-4335-A9CB-962CC23916EC}.Release|Any CPU.ActiveCfg = Release|Any CPU
		{27E847F8-751B-4335-A9CB-962CC23916EC}.Release|Any CPU.Build.0 = Release|Any CPU
	EndGlobalSection
	GlobalSection(SolutionProperties) = preSolution
		HideSolutionNode = FALSE
	EndGlobalSection
	GlobalSection(ExtensibilityGlobals) = postSolution
		SolutionGuid = {74D92A11-0DAB-4C3B-91F4-882123AF8009}
	EndGlobalSection
EndGlobal
