
Microsoft Visual Studio Solution File, Format Version 12.00
# Visual Studio Version 17
VisualStudioVersion = 17.11.35222.181
MinimumVisualStudioVersion = 10.0.40219.1
Project("{FAE04EC0-301F-11D3-BF4B-00C04F79EFBC}") = "Pr13_SignalR", "Pr13_SignalR.csproj", "{5779F88E-06B3-4AAF-A90D-955F4E70E957}"
EndProject
Global
	GlobalSection(SolutionConfigurationPlatforms) = preSolution
		Debug|Any CPU = Debug|Any CPU
		Release|Any CPU = Release|Any CPU
	EndGlobalSection
	GlobalSection(ProjectConfigurationPlatforms) = postSolution
		{5779F88E-06B3-4AAF-A90D-955F4E70E957}.Debug|Any CPU.ActiveCfg = Debug|Any CPU
		{5779F88E-06B3-4AAF-A90D-955F4E70E957}.Debug|Any CPU.Build.0 = Debug|Any CPU
		{5779F88E-06B3-4AAF-A90D-955F4E70E957}.Release|Any CPU.ActiveCfg = Release|Any CPU
		{5779F88E-06B3-4AAF-A90D-955F4E70E957}.Release|Any CPU.Build.0 = Release|Any CPU
	EndGlobalSection
	GlobalSection(SolutionProperties) = preSolution
		HideSolutionNode = FALSE
	EndGlobalSection
	GlobalSection(ExtensibilityGlobals) = postSolution
		SolutionGuid = {6ADEB988-9866-4E88-BBCF-DCE7118FD9FA}
	EndGlobalSection
EndGlobal
