
Microsoft Visual Studio Solution File, Format Version 12.00
# Visual Studio Version 17
VisualStudioVersion = 17.11.35222.181
MinimumVisualStudioVersion = 10.0.40219.1
Project("{FAE04EC0-301F-11D3-BF4B-00C04F79EFBC}") = "LinkedListConsole", "LinkedListConsole.csproj", "{0F2A7AF7-484A-4473-A40C-25A087E9CD58}"
EndProject
Global
	GlobalSection(SolutionConfigurationPlatforms) = preSolution
		Debug|Any CPU = Debug|Any CPU
		Release|Any CPU = Release|Any CPU
	EndGlobalSection
	GlobalSection(ProjectConfigurationPlatforms) = postSolution
		{0F2A7AF7-484A-4473-A40C-25A087E9CD58}.Debug|Any CPU.ActiveCfg = Debug|Any CPU
		{0F2A7AF7-484A-4473-A40C-25A087E9CD58}.Debug|Any CPU.Build.0 = Debug|Any CPU
		{0F2A7AF7-484A-4473-A40C-25A087E9CD58}.Release|Any CPU.ActiveCfg = Release|Any CPU
		{0F2A7AF7-484A-4473-A40C-25A087E9CD58}.Release|Any CPU.Build.0 = Release|Any CPU
	EndGlobalSection
	GlobalSection(SolutionProperties) = preSolution
		HideSolutionNode = FALSE
	EndGlobalSection
	GlobalSection(ExtensibilityGlobals) = postSolution
		SolutionGuid = {D9E3085A-8C73-4B5E-BADC-49EAC53360D1}
	EndGlobalSection
EndGlobal
